
Microsoft Visual Studio Solution File, Format Version 12.00
# Visual Studio Version 16
VisualStudioVersion = 16.0.31911.196
MinimumVisualStudioVersion = 10.0.40219.1
Project("{FAE04EC0-301F-11D3-BF4B-00C04F79EFBC}") = "EventsBrowser", "EventsBrowser\EventsBrowser.csproj", "{0988160D-8BC9-489E-9348-75415EA3417D}"
EndProject
Global
	GlobalSection(SolutionConfigurationPlatforms) = preSolution
		Debug|Any CPU = Debug|Any CPU
		Release|Any CPU = Release|Any CPU
	EndGlobalSection
	GlobalSection(ProjectConfigurationPlatforms) = postSolution
		{0988160D-8BC9-489E-9348-75415EA3417D}.Debug|Any CPU.ActiveCfg = Debug|Any CPU
		{0988160D-8BC9-489E-9348-75415EA3417D}.Debug|Any CPU.Build.0 = Debug|Any CPU
		{0988160D-8BC9-489E-9348-75415EA3417D}.Release|Any CPU.ActiveCfg = Release|Any CPU
		{0988160D-8BC9-489E-9348-75415EA3417D}.Release|Any CPU.Build.0 = Release|Any CPU
	EndGlobalSection
	GlobalSection(SolutionProperties) = preSolution
		HideSolutionNode = FALSE
	EndGlobalSection
	GlobalSection(ExtensibilityGlobals) = postSolution
		SolutionGuid = {1C0D02C8-3214-4165-BD01-0FB6676CEC03}
	EndGlobalSection
EndGlobal
